
Microsoft Visual Studio Solution File, Format Version 12.00
# Visual Studio Version 16
VisualStudioVersion = 16.0.29409.12
MinimumVisualStudioVersion = 10.0.40219.1
Project("{FAE04EC0-301F-11D3-BF4B-00C04F79EFBC}") = "App 25", "App 25\App 25.csproj", "{3F4E583C-EA6F-43BA-B57C-2574DD730F0D}"
EndProject
Global
	GlobalSection(SolutionConfigurationPlatforms) = preSolution
		Debug|Any CPU = Debug|Any CPU
		Release|Any CPU = Release|Any CPU
	EndGlobalSection
	GlobalSection(ProjectConfigurationPlatforms) = postSolution
		{3F4E583C-EA6F-43BA-B57C-2574DD730F0D}.Debug|Any CPU.ActiveCfg = Debug|Any CPU
		{3F4E583C-EA6F-43BA-B57C-2574DD730F0D}.Debug|Any CPU.Build.0 = Debug|Any CPU
		{3F4E583C-EA6F-43BA-B57C-2574DD730F0D}.Release|Any CPU.ActiveCfg = Release|Any CPU
		{3F4E583C-EA6F-43BA-B57C-2574DD730F0D}.Release|Any CPU.Build.0 = Release|Any CPU
	EndGlobalSection
	GlobalSection(SolutionProperties) = preSolution
		HideSolutionNode = FALSE
	EndGlobalSection
	GlobalSection(ExtensibilityGlobals) = postSolution
		SolutionGuid = {CC98609E-AED0-4152-B07A-63ADA5446350}
	EndGlobalSection
EndGlobal
