
Microsoft Visual Studio Solution File, Format Version 12.00
# Visual Studio Version 16
VisualStudioVersion = 16.0.29409.12
MinimumVisualStudioVersion = 10.0.40219.1
Project("{FAE04EC0-301F-11D3-BF4B-00C04F79EFBC}") = "App 23", "App 23\App 23.csproj", "{675210CF-812D-4E8B-A31B-19A8E2841E64}"
EndProject
Global
	GlobalSection(SolutionConfigurationPlatforms) = preSolution
		Debug|Any CPU = Debug|Any CPU
		Release|Any CPU = Release|Any CPU
	EndGlobalSection
	GlobalSection(ProjectConfigurationPlatforms) = postSolution
		{675210CF-812D-4E8B-A31B-19A8E2841E64}.Debug|Any CPU.ActiveCfg = Debug|Any CPU
		{675210CF-812D-4E8B-A31B-19A8E2841E64}.Debug|Any CPU.Build.0 = Debug|Any CPU
		{675210CF-812D-4E8B-A31B-19A8E2841E64}.Release|Any CPU.ActiveCfg = Release|Any CPU
		{675210CF-812D-4E8B-A31B-19A8E2841E64}.Release|Any CPU.Build.0 = Release|Any CPU
	EndGlobalSection
	GlobalSection(SolutionProperties) = preSolution
		HideSolutionNode = FALSE
	EndGlobalSection
	GlobalSection(ExtensibilityGlobals) = postSolution
		SolutionGuid = {F55922BF-401A-4C99-BF19-FB3E9867F558}
	EndGlobalSection
EndGlobal
