
Microsoft Visual Studio Solution File, Format Version 12.00
# Visual Studio Version 16
VisualStudioVersion = 16.0.29409.12
MinimumVisualStudioVersion = 10.0.40219.1
Project("{FAE04EC0-301F-11D3-BF4B-00C04F79EFBC}") = "App 21", "App 21\App 21.csproj", "{E76AD7EE-D434-4390-9BC3-095DF6BF65FA}"
EndProject
Global
	GlobalSection(SolutionConfigurationPlatforms) = preSolution
		Debug|Any CPU = Debug|Any CPU
		Release|Any CPU = Release|Any CPU
	EndGlobalSection
	GlobalSection(ProjectConfigurationPlatforms) = postSolution
		{E76AD7EE-D434-4390-9BC3-095DF6BF65FA}.Debug|Any CPU.ActiveCfg = Debug|Any CPU
		{E76AD7EE-D434-4390-9BC3-095DF6BF65FA}.Debug|Any CPU.Build.0 = Debug|Any CPU
		{E76AD7EE-D434-4390-9BC3-095DF6BF65FA}.Release|Any CPU.ActiveCfg = Release|Any CPU
		{E76AD7EE-D434-4390-9BC3-095DF6BF65FA}.Release|Any CPU.Build.0 = Release|Any CPU
	EndGlobalSection
	GlobalSection(SolutionProperties) = preSolution
		HideSolutionNode = FALSE
	EndGlobalSection
	GlobalSection(ExtensibilityGlobals) = postSolution
		SolutionGuid = {0386B2E9-921A-4142-8876-CAE05880C1F3}
	EndGlobalSection
EndGlobal
